// !$*UTF8*$!
{
	archiveVersion = 1;
	classes = {
	};
	objectVersion = 55;
	objects = {

/* Begin PBXBuildFile section */
		4719E7D32891A04900863787 /* CastListCell.swift in Sources */ = {isa = PBXBuildFile; fileRef = 4719E7D12891A04900863787 /* CastListCell.swift */; };
		4719E7D42891A04900863787 /* CastListCell.xib in Resources */ = {isa = PBXBuildFile; fileRef = 4719E7D22891A04900863787 /* CastListCell.xib */; };
		4725F4A7288EBEA1008AB6B5 /* AppDelegate.swift in Sources */ = {isa = PBXBuildFile; fileRef = 4725F4A6288EBEA1008AB6B5 /* AppDelegate.swift */; };
		4725F4A9288EBEA1008AB6B5 /* SceneDelegate.swift in Sources */ = {isa = PBXBuildFile; fileRef = 4725F4A8288EBEA1008AB6B5 /* SceneDelegate.swift */; };
		4725F4AE288EBEA1008AB6B5 /* Main.storyboard in Resources */ = {isa = PBXBuildFile; fileRef = 4725F4AC288EBEA1008AB6B5 /* Main.storyboard */; };
		4725F4B3288EBEA3008AB6B5 /* Assets.xcassets in Resources */ = {isa = PBXBuildFile; fileRef = 4725F4B2288EBEA3008AB6B5 /* Assets.xcassets */; };
		4725F4B6288EBEA3008AB6B5 /* LaunchScreen.storyboard in Resources */ = {isa = PBXBuildFile; fileRef = 4725F4B4288EBEA3008AB6B5 /* LaunchScreen.storyboard */; };
		4725F4C3288EBF80008AB6B5 /* MovieListViewController.swift in Sources */ = {isa = PBXBuildFile; fileRef = 4725F4C2288EBF80008AB6B5 /* MovieListViewController.swift */; };
		4725F4C5288EBF88008AB6B5 /* DetailsViewController.swift in Sources */ = {isa = PBXBuildFile; fileRef = 4725F4C4288EBF88008AB6B5 /* DetailsViewController.swift */; };
		4725F4C7288EBF90008AB6B5 /* FavouritesViewController.swift in Sources */ = {isa = PBXBuildFile; fileRef = 4725F4C6288EBF90008AB6B5 /* FavouritesViewController.swift */; };
		4725F4C9288EBFA8008AB6B5 /* APICaller.swift in Sources */ = {isa = PBXBuildFile; fileRef = 4725F4C8288EBFA8008AB6B5 /* APICaller.swift */; };
		4725F4CB288EC021008AB6B5 /* UIViewController+Extension.swift in Sources */ = {isa = PBXBuildFile; fileRef = 4725F4CA288EC021008AB6B5 /* UIViewController+Extension.swift */; };
		4725F4CD288EC03D008AB6B5 /* UIView+Extension.swift in Sources */ = {isa = PBXBuildFile; fileRef = 4725F4CC288EC03D008AB6B5 /* UIView+Extension.swift */; };
		4725F4D0288EC062008AB6B5 /* MovieModel.swift in Sources */ = {isa = PBXBuildFile; fileRef = 4725F4CF288EC062008AB6B5 /* MovieModel.swift */; };
		4725F4D2288EC075008AB6B5 /* MovieResults.swift in Sources */ = {isa = PBXBuildFile; fileRef = 4725F4D1288EC075008AB6B5 /* MovieResults.swift */; };
		4725F4D4288EC084008AB6B5 /* MovieDetailsModel.swift in Sources */ = {isa = PBXBuildFile; fileRef = 4725F4D3288EC084008AB6B5 /* MovieDetailsModel.swift */; };
		4725F4D7288EC0E3008AB6B5 /* MovieListCell.swift in Sources */ = {isa = PBXBuildFile; fileRef = 4725F4D5288EC0E3008AB6B5 /* MovieListCell.swift */; };
		4725F4D8288EC0E3008AB6B5 /* MovieListCell.xib in Resources */ = {isa = PBXBuildFile; fileRef = 4725F4D6288EC0E3008AB6B5 /* MovieListCell.xib */; };
		4725F4DF288ECDD4008AB6B5 /* SearchViewController.swift in Sources */ = {isa = PBXBuildFile; fileRef = 4725F4DE288ECDD4008AB6B5 /* SearchViewController.swift */; };
		4725F4E5288FDC84008AB6B5 /* String+Extension.swift in Sources */ = {isa = PBXBuildFile; fileRef = 4725F4E4288FDC84008AB6B5 /* String+Extension.swift */; };
		473889A528A3C0E500B73342 /* MainTabBarViewController.swift in Sources */ = {isa = PBXBuildFile; fileRef = 473889A428A3C0E500B73342 /* MainTabBarViewController.swift */; };
		473889AB28A3D01300B73342 /* TabBar+Extension.swift in Sources */ = {isa = PBXBuildFile; fileRef = 473889AA28A3D01300B73342 /* TabBar+Extension.swift */; };
		474DDAA0289E671F00654115 /* CoreDataStack.swift in Sources */ = {isa = PBXBuildFile; fileRef = 474DDA9F289E671F00654115 /* CoreDataStack.swift */; };
		477A3E9028928249002A3FDF /* CastResults.swift in Sources */ = {isa = PBXBuildFile; fileRef = 477A3E8F28928249002A3FDF /* CastResults.swift */; };
		477A3E922893D9B8002A3FDF /* CastDetailsModel.swift in Sources */ = {isa = PBXBuildFile; fileRef = 477A3E912893D9B8002A3FDF /* CastDetailsModel.swift */; };
		477A3E982897BDAC002A3FDF /* CastDetailsViewController.swift in Sources */ = {isa = PBXBuildFile; fileRef = 477A3E972897BDAC002A3FDF /* CastDetailsViewController.swift */; };
		4788AD6C288FE01F0045BF6C /* Localizable.strings in Resources */ = {isa = PBXBuildFile; fileRef = 4788AD6E288FE01F0045BF6C /* Localizable.strings */; };
		4788AD73289138FF0045BF6C /* Formatter+Extension.swift in Sources */ = {isa = PBXBuildFile; fileRef = 4788AD72289138FF0045BF6C /* Formatter+Extension.swift */; };
		4789528C289E5FF000586B2C /* FavouriteMovie.xcdatamodeld in Sources */ = {isa = PBXBuildFile; fileRef = 4789528A289E5FF000586B2C /* FavouriteMovie.xcdatamodeld */; };
		4789528E289E647300586B2C /* CoreDataManager.swift in Sources */ = {isa = PBXBuildFile; fileRef = 4789528D289E647300586B2C /* CoreDataManager.swift */; };
		47C1C26328A63C9D002EC991 /* SDWebImage in Frameworks */ = {isa = PBXBuildFile; productRef = 47C1C26228A63C9D002EC991 /* SDWebImage */; };
		47C1C26528A63C9D002EC991 /* SDWebImageMapKit in Frameworks */ = {isa = PBXBuildFile; productRef = 47C1C26428A63C9D002EC991 /* SDWebImageMapKit */; };
		47D59BB128926C84006DC9E8 /* CastModel.swift in Sources */ = {isa = PBXBuildFile; fileRef = 47D59BB028926C84006DC9E8 /* CastModel.swift */; };
		47D59BB4289275BE006DC9E8 /* RecommendationListCell.swift in Sources */ = {isa = PBXBuildFile; fileRef = 47D59BB2289275BE006DC9E8 /* RecommendationListCell.swift */; };
		47D59BB5289275BE006DC9E8 /* RecommendationListCell.xib in Resources */ = {isa = PBXBuildFile; fileRef = 47D59BB3289275BE006DC9E8 /* RecommendationListCell.xib */; };
		4C8FC4061AC84D01EC005EE6 /* Pods_CapstoneProject.framework in Frameworks */ = {isa = PBXBuildFile; fileRef = 4BFF22650B03DBB3DCB5C9F4 /* Pods_CapstoneProject.framework */; };
/* End PBXBuildFile section */

/* Begin PBXFileReference section */
		4719E7D12891A04900863787 /* CastListCell.swift */ = {isa = PBXFileReference; lastKnownFileType = sourcecode.swift; path = CastListCell.swift; sourceTree = "<group>"; };
		4719E7D22891A04900863787 /* CastListCell.xib */ = {isa = PBXFileReference; lastKnownFileType = file.xib; path = CastListCell.xib; sourceTree = "<group>"; };
		4725F4A3288EBEA1008AB6B5 /* CapstoneProject.app */ = {isa = PBXFileReference; explicitFileType = wrapper.application; includeInIndex = 0; path = CapstoneProject.app; sourceTree = BUILT_PRODUCTS_DIR; };
		4725F4A6288EBEA1008AB6B5 /* AppDelegate.swift */ = {isa = PBXFileReference; lastKnownFileType = sourcecode.swift; path = AppDelegate.swift; sourceTree = "<group>"; };
		4725F4A8288EBEA1008AB6B5 /* SceneDelegate.swift */ = {isa = PBXFileReference; lastKnownFileType = sourcecode.swift; path = SceneDelegate.swift; sourceTree = "<group>"; };
		4725F4AD288EBEA1008AB6B5 /* Base */ = {isa = PBXFileReference; lastKnownFileType = file.storyboard; name = Base; path = Base.lproj/Main.storyboard; sourceTree = "<group>"; };
		4725F4B2288EBEA3008AB6B5 /* Assets.xcassets */ = {isa = PBXFileReference; lastKnownFileType = folder.assetcatalog; path = Assets.xcassets; sourceTree = "<group>"; };
		4725F4B5288EBEA3008AB6B5 /* Base */ = {isa = PBXFileReference; lastKnownFileType = file.storyboard; name = Base; path = Base.lproj/LaunchScreen.storyboard; sourceTree = "<group>"; };
		4725F4B7288EBEA3008AB6B5 /* Info.plist */ = {isa = PBXFileReference; lastKnownFileType = text.plist.xml; path = Info.plist; sourceTree = "<group>"; };
		4725F4C2288EBF80008AB6B5 /* MovieListViewController.swift */ = {isa = PBXFileReference; lastKnownFileType = sourcecode.swift; path = MovieListViewController.swift; sourceTree = "<group>"; };
		4725F4C4288EBF88008AB6B5 /* DetailsViewController.swift */ = {isa = PBXFileReference; lastKnownFileType = sourcecode.swift; path = DetailsViewController.swift; sourceTree = "<group>"; };
		4725F4C6288EBF90008AB6B5 /* FavouritesViewController.swift */ = {isa = PBXFileReference; lastKnownFileType = sourcecode.swift; path = FavouritesViewController.swift; sourceTree = "<group>"; };
		4725F4C8288EBFA8008AB6B5 /* APICaller.swift */ = {isa = PBXFileReference; lastKnownFileType = sourcecode.swift; path = APICaller.swift; sourceTree = "<group>"; };
		4725F4CA288EC021008AB6B5 /* UIViewController+Extension.swift */ = {isa = PBXFileReference; lastKnownFileType = sourcecode.swift; path = "UIViewController+Extension.swift"; sourceTree = "<group>"; };
		4725F4CC288EC03D008AB6B5 /* UIView+Extension.swift */ = {isa = PBXFileReference; lastKnownFileType = sourcecode.swift; path = "UIView+Extension.swift"; sourceTree = "<group>"; };
		4725F4CF288EC062008AB6B5 /* MovieModel.swift */ = {isa = PBXFileReference; lastKnownFileType = sourcecode.swift; path = MovieModel.swift; sourceTree = "<group>"; };
		4725F4D1288EC075008AB6B5 /* MovieResults.swift */ = {isa = PBXFileReference; lastKnownFileType = sourcecode.swift; path = MovieResults.swift; sourceTree = "<group>"; };
		4725F4D3288EC084008AB6B5 /* MovieDetailsModel.swift */ = {isa = PBXFileReference; lastKnownFileType = sourcecode.swift; path = MovieDetailsModel.swift; sourceTree = "<group>"; };
		4725F4D5288EC0E3008AB6B5 /* MovieListCell.swift */ = {isa = PBXFileReference; lastKnownFileType = sourcecode.swift; path = MovieListCell.swift; sourceTree = "<group>"; };
		4725F4D6288EC0E3008AB6B5 /* MovieListCell.xib */ = {isa = PBXFileReference; lastKnownFileType = file.xib; path = MovieListCell.xib; sourceTree = "<group>"; };
		4725F4DE288ECDD4008AB6B5 /* SearchViewController.swift */ = {isa = PBXFileReference; lastKnownFileType = sourcecode.swift; path = SearchViewController.swift; sourceTree = "<group>"; };
		4725F4E4288FDC84008AB6B5 /* String+Extension.swift */ = {isa = PBXFileReference; lastKnownFileType = sourcecode.swift; path = "String+Extension.swift"; sourceTree = "<group>"; };
		473889A428A3C0E500B73342 /* MainTabBarViewController.swift */ = {isa = PBXFileReference; lastKnownFileType = sourcecode.swift; path = MainTabBarViewController.swift; sourceTree = "<group>"; };
		473889AA28A3D01300B73342 /* TabBar+Extension.swift */ = {isa = PBXFileReference; lastKnownFileType = sourcecode.swift; path = "TabBar+Extension.swift"; sourceTree = "<group>"; };
		474DDA9F289E671F00654115 /* CoreDataStack.swift */ = {isa = PBXFileReference; lastKnownFileType = sourcecode.swift; path = CoreDataStack.swift; sourceTree = "<group>"; };
		477A3E8F28928249002A3FDF /* CastResults.swift */ = {isa = PBXFileReference; lastKnownFileType = sourcecode.swift; path = CastResults.swift; sourceTree = "<group>"; };
		477A3E912893D9B8002A3FDF /* CastDetailsModel.swift */ = {isa = PBXFileReference; lastKnownFileType = sourcecode.swift; path = CastDetailsModel.swift; sourceTree = "<group>"; };
		477A3E972897BDAC002A3FDF /* CastDetailsViewController.swift */ = {isa = PBXFileReference; lastKnownFileType = sourcecode.swift; path = CastDetailsViewController.swift; sourceTree = "<group>"; };
		4788AD6D288FE01F0045BF6C /* en */ = {isa = PBXFileReference; lastKnownFileType = text.plist.strings; name = en; path = en.lproj/Localizable.strings; sourceTree = "<group>"; };
		4788AD6F288FE0250045BF6C /* tr */ = {isa = PBXFileReference; lastKnownFileType = text.plist.strings; name = tr; path = tr.lproj/Localizable.strings; sourceTree = "<group>"; };
		4788AD72289138FF0045BF6C /* Formatter+Extension.swift */ = {isa = PBXFileReference; lastKnownFileType = sourcecode.swift; path = "Formatter+Extension.swift"; sourceTree = "<group>"; };
		4789528B289E5FF000586B2C /* FavouriteMovie.xcdatamodel */ = {isa = PBXFileReference; lastKnownFileType = wrapper.xcdatamodel; path = FavouriteMovie.xcdatamodel; sourceTree = "<group>"; };
		4789528D289E647300586B2C /* CoreDataManager.swift */ = {isa = PBXFileReference; lastKnownFileType = sourcecode.swift; path = CoreDataManager.swift; sourceTree = "<group>"; };
		47D59BB028926C84006DC9E8 /* CastModel.swift */ = {isa = PBXFileReference; lastKnownFileType = sourcecode.swift; path = CastModel.swift; sourceTree = "<group>"; };
		47D59BB2289275BE006DC9E8 /* RecommendationListCell.swift */ = {isa = PBXFileReference; lastKnownFileType = sourcecode.swift; path = RecommendationListCell.swift; sourceTree = "<group>"; };
		47D59BB3289275BE006DC9E8 /* RecommendationListCell.xib */ = {isa = PBXFileReference; lastKnownFileType = file.xib; path = RecommendationListCell.xib; sourceTree = "<group>"; };
		4BFF22650B03DBB3DCB5C9F4 /* Pods_CapstoneProject.framework */ = {isa = PBXFileReference; explicitFileType = wrapper.framework; includeInIndex = 0; path = Pods_CapstoneProject.framework; sourceTree = BUILT_PRODUCTS_DIR; };
		8E5673D5DD8BAEE2BA47D0A1 /* Pods-CapstoneProject.debug.xcconfig */ = {isa = PBXFileReference; includeInIndex = 1; lastKnownFileType = text.xcconfig; name = "Pods-CapstoneProject.debug.xcconfig"; path = "Target Support Files/Pods-CapstoneProject/Pods-CapstoneProject.debug.xcconfig"; sourceTree = "<group>"; };
		994D7632B079A2429A586221 /* Pods-CapstoneProject.release.xcconfig */ = {isa = PBXFileReference; includeInIndex = 1; lastKnownFileType = text.xcconfig; name = "Pods-CapstoneProject.release.xcconfig"; path = "Target Support Files/Pods-CapstoneProject/Pods-CapstoneProject.release.xcconfig"; sourceTree = "<group>"; };
/* End PBXFileReference section */

/* Begin PBXFrameworksBuildPhase section */
		4725F4A0288EBEA1008AB6B5 /* Frameworks */ = {
			isa = PBXFrameworksBuildPhase;
			buildActionMask = 2147483647;
			files = (
				47C1C26328A63C9D002EC991 /* SDWebImage in Frameworks */,
				47C1C26528A63C9D002EC991 /* SDWebImageMapKit in Frameworks */,
				4C8FC4061AC84D01EC005EE6 /* Pods_CapstoneProject.framework in Frameworks */,
			);
			runOnlyForDeploymentPostprocessing = 0;
		};
/* End PBXFrameworksBuildPhase section */

/* Begin PBXGroup section */
		4725F49A288EBEA1008AB6B5 = {
			isa = PBXGroup;
			children = (
				4788AD6E288FE01F0045BF6C /* Localizable.strings */,
				4725F4A5288EBEA1008AB6B5 /* CapstoneProject */,
				4725F4A4288EBEA1008AB6B5 /* Products */,
				5D8F93CBEDAABA27462854FB /* Pods */,
				517BDF9F447604A672E5ACE8 /* Frameworks */,
			);
			sourceTree = "<group>";
		};
		4725F4A4288EBEA1008AB6B5 /* Products */ = {
			isa = PBXGroup;
			children = (
				4725F4A3288EBEA1008AB6B5 /* CapstoneProject.app */,
			);
			name = Products;
			sourceTree = "<group>";
		};
		4725F4A5288EBEA1008AB6B5 /* CapstoneProject */ = {
			isa = PBXGroup;
			children = (
				4725F4C1288EBEC1008AB6B5 /* Extensions */,
				4725F4BE288EBEB2008AB6B5 /* Managers */,
				4725F4CE288EC050008AB6B5 /* Models */,
				4725F4C0288EBEBB008AB6B5 /* Views */,
				4725F4BF288EBEB7008AB6B5 /* Controllers */,
				4725F4BD288EBEAE008AB6B5 /* Helpers */,
				4789528A289E5FF000586B2C /* FavouriteMovie.xcdatamodeld */,
				4725F4B7288EBEA3008AB6B5 /* Info.plist */,
			);
			path = CapstoneProject;
			sourceTree = "<group>";
		};
		4725F4BD288EBEAE008AB6B5 /* Helpers */ = {
			isa = PBXGroup;
			children = (
				4725F4A8288EBEA1008AB6B5 /* SceneDelegate.swift */,
				4725F4A6288EBEA1008AB6B5 /* AppDelegate.swift */,
			);
			path = Helpers;
			sourceTree = "<group>";
		};
		4725F4BE288EBEB2008AB6B5 /* Managers */ = {
			isa = PBXGroup;
			children = (
				474DDAA2289E734000654115 /* CoreData */,
				474DDAA1289E733500654115 /* Network */,
			);
			path = Managers;
			sourceTree = "<group>";
		};
		4725F4BF288EBEB7008AB6B5 /* Controllers */ = {
			isa = PBXGroup;
			children = (
				47D59BB82892811C006DC9E8 /* Core */,
				47D59BB928928125006DC9E8 /* General */,
			);
			path = Controllers;
			sourceTree = "<group>";
		};
		4725F4C0288EBEBB008AB6B5 /* Views */ = {
			isa = PBXGroup;
			children = (
				47D59BB7289280D6006DC9E8 /* Others */,
				47D59BB6289280C5006DC9E8 /* Cells */,
			);
			path = Views;
			sourceTree = "<group>";
		};
		4725F4C1288EBEC1008AB6B5 /* Extensions */ = {
			isa = PBXGroup;
			children = (
				473889B028A3D14400B73342 /* Formatter+Extension */,
				473889AF28A3D13A00B73342 /* String+Extension */,
				473889AE28A3D13100B73342 /* UIView+Extension */,
				473889AD28A3D12500B73342 /* UIViewController+Extension */,
				473889AC28A3D11100B73342 /* TabBar+Extension */,
			);
			path = Extensions;
			sourceTree = "<group>";
		};
		4725F4CE288EC050008AB6B5 /* Models */ = {
			isa = PBXGroup;
			children = (
				477A3E9C28993F97002A3FDF /* CastModels */,
				477A3E9B28993F90002A3FDF /* MovieModels */,
			);
			path = Models;
			sourceTree = "<group>";
		};
		473889AC28A3D11100B73342 /* TabBar+Extension */ = {
			isa = PBXGroup;
			children = (
				473889AA28A3D01300B73342 /* TabBar+Extension.swift */,
			);
			path = "TabBar+Extension";
			sourceTree = "<group>";
		};
		473889AD28A3D12500B73342 /* UIViewController+Extension */ = {
			isa = PBXGroup;
			children = (
				4725F4CA288EC021008AB6B5 /* UIViewController+Extension.swift */,
			);
			path = "UIViewController+Extension";
			sourceTree = "<group>";
		};
		473889AE28A3D13100B73342 /* UIView+Extension */ = {
			isa = PBXGroup;
			children = (
				4725F4CC288EC03D008AB6B5 /* UIView+Extension.swift */,
			);
			path = "UIView+Extension";
			sourceTree = "<group>";
		};
		473889AF28A3D13A00B73342 /* String+Extension */ = {
			isa = PBXGroup;
			children = (
				4725F4E4288FDC84008AB6B5 /* String+Extension.swift */,
			);
			path = "String+Extension";
			sourceTree = "<group>";
		};
		473889B028A3D14400B73342 /* Formatter+Extension */ = {
			isa = PBXGroup;
			children = (
				4788AD72289138FF0045BF6C /* Formatter+Extension.swift */,
			);
			path = "Formatter+Extension";
			sourceTree = "<group>";
		};
		474DDAA1289E733500654115 /* Network */ = {
			isa = PBXGroup;
			children = (
				4725F4C8288EBFA8008AB6B5 /* APICaller.swift */,
			);
			path = Network;
			sourceTree = "<group>";
		};
		474DDAA2289E734000654115 /* CoreData */ = {
			isa = PBXGroup;
			children = (
				474DDA9F289E671F00654115 /* CoreDataStack.swift */,
				4789528D289E647300586B2C /* CoreDataManager.swift */,
			);
			path = CoreData;
			sourceTree = "<group>";
		};
		477A3E9B28993F90002A3FDF /* MovieModels */ = {
			isa = PBXGroup;
			children = (
				4725F4CF288EC062008AB6B5 /* MovieModel.swift */,
				4725F4D1288EC075008AB6B5 /* MovieResults.swift */,
				4725F4D3288EC084008AB6B5 /* MovieDetailsModel.swift */,
			);
			path = MovieModels;
			sourceTree = "<group>";
		};
		477A3E9C28993F97002A3FDF /* CastModels */ = {
			isa = PBXGroup;
			children = (
				47D59BB028926C84006DC9E8 /* CastModel.swift */,
				477A3E8F28928249002A3FDF /* CastResults.swift */,
				477A3E912893D9B8002A3FDF /* CastDetailsModel.swift */,
			);
			path = CastModels;
			sourceTree = "<group>";
		};
		47895286289E4D9D00586B2C /* MovieListCell */ = {
			isa = PBXGroup;
			children = (
				4725F4D5288EC0E3008AB6B5 /* MovieListCell.swift */,
				4725F4D6288EC0E3008AB6B5 /* MovieListCell.xib */,
			);
			path = MovieListCell;
			sourceTree = "<group>";
		};
		47895287289E4DC200586B2C /* CastListCell */ = {
			isa = PBXGroup;
			children = (
				4719E7D12891A04900863787 /* CastListCell.swift */,
				4719E7D22891A04900863787 /* CastListCell.xib */,
			);
			path = CastListCell;
			sourceTree = "<group>";
		};
		47895289289E4E2700586B2C /* RecommendationListCell */ = {
			isa = PBXGroup;
			children = (
				47D59BB2289275BE006DC9E8 /* RecommendationListCell.swift */,
				47D59BB3289275BE006DC9E8 /* RecommendationListCell.xib */,
			);
			path = RecommendationListCell;
			sourceTree = "<group>";
		};
		47D59BB6289280C5006DC9E8 /* Cells */ = {
			isa = PBXGroup;
			children = (
				47895289289E4E2700586B2C /* RecommendationListCell */,
				47895287289E4DC200586B2C /* CastListCell */,
				47895286289E4D9D00586B2C /* MovieListCell */,
			);
			path = Cells;
			sourceTree = "<group>";
		};
		47D59BB7289280D6006DC9E8 /* Others */ = {
			isa = PBXGroup;
			children = (
				4725F4AC288EBEA1008AB6B5 /* Main.storyboard */,
				4725F4B2288EBEA3008AB6B5 /* Assets.xcassets */,
				4725F4B4288EBEA3008AB6B5 /* LaunchScreen.storyboard */,
			);
			path = Others;
			sourceTree = "<group>";
		};
		47D59BB82892811C006DC9E8 /* Core */ = {
			isa = PBXGroup;
			children = (
				4725F4C2288EBF80008AB6B5 /* MovieListViewController.swift */,
				4725F4C6288EBF90008AB6B5 /* FavouritesViewController.swift */,
				4725F4DE288ECDD4008AB6B5 /* SearchViewController.swift */,
				473889A428A3C0E500B73342 /* MainTabBarViewController.swift */,
			);
			path = Core;
			sourceTree = "<group>";
		};
		47D59BB928928125006DC9E8 /* General */ = {
			isa = PBXGroup;
			children = (
				4725F4C4288EBF88008AB6B5 /* DetailsViewController.swift */,
				477A3E972897BDAC002A3FDF /* CastDetailsViewController.swift */,
			);
			path = General;
			sourceTree = "<group>";
		};
		517BDF9F447604A672E5ACE8 /* Frameworks */ = {
			isa = PBXGroup;
			children = (
				4BFF22650B03DBB3DCB5C9F4 /* Pods_CapstoneProject.framework */,
			);
			name = Frameworks;
			sourceTree = "<group>";
		};
		5D8F93CBEDAABA27462854FB /* Pods */ = {
			isa = PBXGroup;
			children = (
				8E5673D5DD8BAEE2BA47D0A1 /* Pods-CapstoneProject.debug.xcconfig */,
				994D7632B079A2429A586221 /* Pods-CapstoneProject.release.xcconfig */,
			);
			path = Pods;
			sourceTree = "<group>";
		};
/* End PBXGroup section */

/* Begin PBXNativeTarget section */
		4725F4A2288EBEA1008AB6B5 /* CapstoneProject */ = {
			isa = PBXNativeTarget;
			buildConfigurationList = 4725F4BA288EBEA3008AB6B5 /* Build configuration list for PBXNativeTarget "CapstoneProject" */;
			buildPhases = (
				2393F7F8752A30944D25FAB1 /* [CP] Check Pods Manifest.lock */,
				4725F49F288EBEA1008AB6B5 /* Sources */,
				4725F4A0288EBEA1008AB6B5 /* Frameworks */,
				4725F4A1288EBEA1008AB6B5 /* Resources */,
			);
			buildRules = (
			);
			dependencies = (
			);
			name = CapstoneProject;
			packageProductDependencies = (
				47C1C26228A63C9D002EC991 /* SDWebImage */,
				47C1C26428A63C9D002EC991 /* SDWebImageMapKit */,
			);
			productName = CapstoneProject;
			productReference = 4725F4A3288EBEA1008AB6B5 /* CapstoneProject.app */;
			productType = "com.apple.product-type.application";
		};
/* End PBXNativeTarget section */

/* Begin PBXProject section */
		4725F49B288EBEA1008AB6B5 /* Project object */ = {
			isa = PBXProject;
			attributes = {
				BuildIndependentTargetsInParallel = 1;
				LastSwiftUpdateCheck = 1340;
				LastUpgradeCheck = 1340;
				TargetAttributes = {
					4725F4A2288EBEA1008AB6B5 = {
						CreatedOnToolsVersion = 13.4.1;
					};
				};
			};
			buildConfigurationList = 4725F49E288EBEA1008AB6B5 /* Build configuration list for PBXProject "CapstoneProject" */;
			compatibilityVersion = "Xcode 13.0";
			developmentRegion = en;
			hasScannedForEncodings = 0;
			knownRegions = (
				en,
				Base,
				tr,
			);
			mainGroup = 4725F49A288EBEA1008AB6B5;
			packageReferences = (
				47C1C26128A63C9D002EC991 /* XCRemoteSwiftPackageReference "SDWebImage.git" */,
			);
			productRefGroup = 4725F4A4288EBEA1008AB6B5 /* Products */;
			projectDirPath = "";
			projectRoot = "";
			targets = (
				4725F4A2288EBEA1008AB6B5 /* CapstoneProject */,
			);
		};
/* End PBXProject section */

/* Begin PBXResourcesBuildPhase section */
		4725F4A1288EBEA1008AB6B5 /* Resources */ = {
			isa = PBXResourcesBuildPhase;
			buildActionMask = 2147483647;
			files = (
				4788AD6C288FE01F0045BF6C /* Localizable.strings in Resources */,
				4719E7D42891A04900863787 /* CastListCell.xib in Resources */,
				47D59BB5289275BE006DC9E8 /* RecommendationListCell.xib in Resources */,
				4725F4B6288EBEA3008AB6B5 /* LaunchScreen.storyboard in Resources */,
				4725F4B3288EBEA3008AB6B5 /* Assets.xcassets in Resources */,
				4725F4D8288EC0E3008AB6B5 /* MovieListCell.xib in Resources */,
				4725F4AE288EBEA1008AB6B5 /* Main.storyboard in Resources */,
			);
			runOnlyForDeploymentPostprocessing = 0;
		};
/* End PBXResourcesBuildPhase section */

/* Begin PBXShellScriptBuildPhase section */
		2393F7F8752A30944D25FAB1 /* [CP] Check Pods Manifest.lock */ = {
			isa = PBXShellScriptBuildPhase;
			buildActionMask = 2147483647;
			files = (
			);
			inputFileListPaths = (
			);
			inputPaths = (
				"${PODS_PODFILE_DIR_PATH}/Podfile.lock",
				"${PODS_ROOT}/Manifest.lock",
			);
			name = "[CP] Check Pods Manifest.lock";
			outputFileListPaths = (
			);
			outputPaths = (
				"$(DERIVED_FILE_DIR)/Pods-CapstoneProject-checkManifestLockResult.txt",
			);
			runOnlyForDeploymentPostprocessing = 0;
			shellPath = /bin/sh;
			shellScript = "diff \"${PODS_PODFILE_DIR_PATH}/Podfile.lock\" \"${PODS_ROOT}/Manifest.lock\" > /dev/null\nif [ $? != 0 ] ; then\n    # print error to STDERR\n    echo \"error: The sandbox is not in sync with the Podfile.lock. Run 'pod install' or update your CocoaPods installation.\" >&2\n    exit 1\nfi\n# This output is used by Xcode 'outputs' to avoid re-running this script phase.\necho \"SUCCESS\" > \"${SCRIPT_OUTPUT_FILE_0}\"\n";
			showEnvVarsInLog = 0;
		};
/* End PBXShellScriptBuildPhase section */

/* Begin PBXSourcesBuildPhase section */
		4725F49F288EBEA1008AB6B5 /* Sources */ = {
			isa = PBXSourcesBuildPhase;
			buildActionMask = 2147483647;
			files = (
				4788AD73289138FF0045BF6C /* Formatter+Extension.swift in Sources */,
				4725F4D2288EC075008AB6B5 /* MovieResults.swift in Sources */,
				4725F4CB288EC021008AB6B5 /* UIViewController+Extension.swift in Sources */,
				4725F4C7288EBF90008AB6B5 /* FavouritesViewController.swift in Sources */,
				47D59BB4289275BE006DC9E8 /* RecommendationListCell.swift in Sources */,
				473889A528A3C0E500B73342 /* MainTabBarViewController.swift in Sources */,
				4725F4D0288EC062008AB6B5 /* MovieModel.swift in Sources */,
				4725F4CD288EC03D008AB6B5 /* UIView+Extension.swift in Sources */,
				477A3E982897BDAC002A3FDF /* CastDetailsViewController.swift in Sources */,
				4789528E289E647300586B2C /* CoreDataManager.swift in Sources */,
				4725F4A7288EBEA1008AB6B5 /* AppDelegate.swift in Sources */,
				4719E7D32891A04900863787 /* CastListCell.swift in Sources */,
				4725F4C9288EBFA8008AB6B5 /* APICaller.swift in Sources */,
				4725F4DF288ECDD4008AB6B5 /* SearchViewController.swift in Sources */,
				4725F4A9288EBEA1008AB6B5 /* SceneDelegate.swift in Sources */,
				4725F4D4288EC084008AB6B5 /* MovieDetailsModel.swift in Sources */,
				474DDAA0289E671F00654115 /* CoreDataStack.swift in Sources */,
				4789528C289E5FF000586B2C /* FavouriteMovie.xcdatamodeld in Sources */,
				477A3E922893D9B8002A3FDF /* CastDetailsModel.swift in Sources */,
				4725F4C3288EBF80008AB6B5 /* MovieListViewController.swift in Sources */,
				47D59BB128926C84006DC9E8 /* CastModel.swift in Sources */,
				473889AB28A3D01300B73342 /* TabBar+Extension.swift in Sources */,
				4725F4C5288EBF88008AB6B5 /* DetailsViewController.swift in Sources */,
				477A3E9028928249002A3FDF /* CastResults.swift in Sources */,
				4725F4E5288FDC84008AB6B5 /* String+Extension.swift in Sources */,
				4725F4D7288EC0E3008AB6B5 /* MovieListCell.swift in Sources */,
			);
			runOnlyForDeploymentPostprocessing = 0;
		};
/* End PBXSourcesBuildPhase section */

/* Begin PBXVariantGroup section */
		4725F4AC288EBEA1008AB6B5 /* Main.storyboard */ = {
			isa = PBXVariantGroup;
			children = (
				4725F4AD288EBEA1008AB6B5 /* Base */,
			);
			name = Main.storyboard;
			sourceTree = "<group>";
		};
		4725F4B4288EBEA3008AB6B5 /* LaunchScreen.storyboard */ = {
			isa = PBXVariantGroup;
			children = (
				4725F4B5288EBEA3008AB6B5 /* Base */,
			);
			name = LaunchScreen.storyboard;
			sourceTree = "<group>";
		};
		4788AD6E288FE01F0045BF6C /* Localizable.strings */ = {
			isa = PBXVariantGroup;
			children = (
				4788AD6D288FE01F0045BF6C /* en */,
				4788AD6F288FE0250045BF6C /* tr */,
			);
			name = Localizable.strings;
			sourceTree = "<group>";
		};
/* End PBXVariantGroup section */

/* Begin XCBuildConfiguration section */
		4725F4B8288EBEA3008AB6B5 /* Debug */ = {
			isa = XCBuildConfiguration;
			buildSettings = {
				ALWAYS_SEARCH_USER_PATHS = NO;
				CLANG_ANALYZER_LOCALIZABILITY_NONLOCALIZED = YES;
				CLANG_ANALYZER_NONNULL = YES;
				CLANG_ANALYZER_NUMBER_OBJECT_CONVERSION = YES_AGGRESSIVE;
				CLANG_CXX_LANGUAGE_STANDARD = "gnu++17";
				CLANG_ENABLE_MODULES = YES;
				CLANG_ENABLE_OBJC_ARC = YES;
				CLANG_ENABLE_OBJC_WEAK = YES;
				CLANG_WARN_BLOCK_CAPTURE_AUTORELEASING = YES;
				CLANG_WARN_BOOL_CONVERSION = YES;
				CLANG_WARN_COMMA = YES;
				CLANG_WARN_CONSTANT_CONVERSION = YES;
				CLANG_WARN_DEPRECATED_OBJC_IMPLEMENTATIONS = YES;
				CLANG_WARN_DIRECT_OBJC_ISA_USAGE = YES_ERROR;
				CLANG_WARN_DOCUMENTATION_COMMENTS = YES;
				CLANG_WARN_EMPTY_BODY = YES;
				CLANG_WARN_ENUM_CONVERSION = YES;
				CLANG_WARN_INFINITE_RECURSION = YES;
				CLANG_WARN_INT_CONVERSION = YES;
				CLANG_WARN_NON_LITERAL_NULL_CONVERSION = YES;
				CLANG_WARN_OBJC_IMPLICIT_RETAIN_SELF = YES;
				CLANG_WARN_OBJC_LITERAL_CONVERSION = YES;
				CLANG_WARN_OBJC_ROOT_CLASS = YES_ERROR;
				CLANG_WARN_QUOTED_INCLUDE_IN_FRAMEWORK_HEADER = YES;
				CLANG_WARN_RANGE_LOOP_ANALYSIS = YES;
				CLANG_WARN_STRICT_PROTOTYPES = YES;
				CLANG_WARN_SUSPICIOUS_MOVE = YES;
				CLANG_WARN_UNGUARDED_AVAILABILITY = YES_AGGRESSIVE;
				CLANG_WARN_UNREACHABLE_CODE = YES;
				CLANG_WARN__DUPLICATE_METHOD_MATCH = YES;
				COPY_PHASE_STRIP = NO;
				DEBUG_INFORMATION_FORMAT = dwarf;
				ENABLE_STRICT_OBJC_MSGSEND = YES;
				ENABLE_TESTABILITY = YES;
				GCC_C_LANGUAGE_STANDARD = gnu11;
				GCC_DYNAMIC_NO_PIC = NO;
				GCC_NO_COMMON_BLOCKS = YES;
				GCC_OPTIMIZATION_LEVEL = 0;
				GCC_PREPROCESSOR_DEFINITIONS = (
					"DEBUG=1",
					"$(inherited)",
				);
				GCC_WARN_64_TO_32_BIT_CONVERSION = YES;
				GCC_WARN_ABOUT_RETURN_TYPE = YES_ERROR;
				GCC_WARN_UNDECLARED_SELECTOR = YES;
				GCC_WARN_UNINITIALIZED_AUTOS = YES_AGGRESSIVE;
				GCC_WARN_UNUSED_FUNCTION = YES;
				GCC_WARN_UNUSED_VARIABLE = YES;
				IPHONEOS_DEPLOYMENT_TARGET = 15.5;
				MTL_ENABLE_DEBUG_INFO = INCLUDE_SOURCE;
				MTL_FAST_MATH = YES;
				ONLY_ACTIVE_ARCH = YES;
				SDKROOT = iphoneos;
				SWIFT_ACTIVE_COMPILATION_CONDITIONS = DEBUG;
				SWIFT_OPTIMIZATION_LEVEL = "-Onone";
			};
			name = Debug;
		};
		4725F4B9288EBEA3008AB6B5 /* Release */ = {
			isa = XCBuildConfiguration;
			buildSettings = {
				ALWAYS_SEARCH_USER_PATHS = NO;
				CLANG_ANALYZER_LOCALIZABILITY_NONLOCALIZED = YES;
				CLANG_ANALYZER_NONNULL = YES;
				CLANG_ANALYZER_NUMBER_OBJECT_CONVERSION = YES_AGGRESSIVE;
				CLANG_CXX_LANGUAGE_STANDARD = "gnu++17";
				CLANG_ENABLE_MODULES = YES;
				CLANG_ENABLE_OBJC_ARC = YES;
				CLANG_ENABLE_OBJC_WEAK = YES;
				CLANG_WARN_BLOCK_CAPTURE_AUTORELEASING = YES;
				CLANG_WARN_BOOL_CONVERSION = YES;
				CLANG_WARN_COMMA = YES;
				CLANG_WARN_CONSTANT_CONVERSION = YES;
				CLANG_WARN_DEPRECATED_OBJC_IMPLEMENTATIONS = YES;
				CLANG_WARN_DIRECT_OBJC_ISA_USAGE = YES_ERROR;
				CLANG_WARN_DOCUMENTATION_COMMENTS = YES;
				CLANG_WARN_EMPTY_BODY = YES;
				CLANG_WARN_ENUM_CONVERSION = YES;
				CLANG_WARN_INFINITE_RECURSION = YES;
				CLANG_WARN_INT_CONVERSION = YES;
				CLANG_WARN_NON_LITERAL_NULL_CONVERSION = YES;
				CLANG_WARN_OBJC_IMPLICIT_RETAIN_SELF = YES;
				CLANG_WARN_OBJC_LITERAL_CONVERSION = YES;
				CLANG_WARN_OBJC_ROOT_CLASS = YES_ERROR;
				CLANG_WARN_QUOTED_INCLUDE_IN_FRAMEWORK_HEADER = YES;
				CLANG_WARN_RANGE_LOOP_ANALYSIS = YES;
				CLANG_WARN_STRICT_PROTOTYPES = YES;
				CLANG_WARN_SUSPICIOUS_MOVE = YES;
				CLANG_WARN_UNGUARDED_AVAILABILITY = YES_AGGRESSIVE;
				CLANG_WARN_UNREACHABLE_CODE = YES;
				CLANG_WARN__DUPLICATE_METHOD_MATCH = YES;
				COPY_PHASE_STRIP = NO;
				DEBUG_INFORMATION_FORMAT = "dwarf-with-dsym";
				ENABLE_NS_ASSERTIONS = NO;
				ENABLE_STRICT_OBJC_MSGSEND = YES;
				GCC_C_LANGUAGE_STANDARD = gnu11;
				GCC_NO_COMMON_BLOCKS = YES;
				GCC_WARN_64_TO_32_BIT_CONVERSION = YES;
				GCC_WARN_ABOUT_RETURN_TYPE = YES_ERROR;
				GCC_WARN_UNDECLARED_SELECTOR = YES;
				GCC_WARN_UNINITIALIZED_AUTOS = YES_AGGRESSIVE;
				GCC_WARN_UNUSED_FUNCTION = YES;
				GCC_WARN_UNUSED_VARIABLE = YES;
				IPHONEOS_DEPLOYMENT_TARGET = 15.5;
				MTL_ENABLE_DEBUG_INFO = NO;
				MTL_FAST_MATH = YES;
				SDKROOT = iphoneos;
				SWIFT_COMPILATION_MODE = wholemodule;
				SWIFT_OPTIMIZATION_LEVEL = "-O";
				VALIDATE_PRODUCT = YES;
			};
			name = Release;
		};
		4725F4BB288EBEA3008AB6B5 /* Debug */ = {
			isa = XCBuildConfiguration;
			baseConfigurationReference = 8E5673D5DD8BAEE2BA47D0A1 /* Pods-CapstoneProject.debug.xcconfig */;
			buildSettings = {
				ASSETCATALOG_COMPILER_APPICON_NAME = AppIcon;
				ASSETCATALOG_COMPILER_GLOBAL_ACCENT_COLOR_NAME = AccentColor;
				CODE_SIGN_STYLE = Automatic;
				CURRENT_PROJECT_VERSION = 1;
				DEVELOPMENT_TEAM = W8YZQLY66R;
				GENERATE_INFOPLIST_FILE = YES;
				INFOPLIST_FILE = CapstoneProject/Info.plist;
				INFOPLIST_KEY_UIApplicationSupportsIndirectInputEvents = YES;
				INFOPLIST_KEY_UILaunchStoryboardName = LaunchScreen;
				INFOPLIST_KEY_UIMainStoryboardFile = Main;
				INFOPLIST_KEY_UISupportedInterfaceOrientations_iPad = "UIInterfaceOrientationPortrait UIInterfaceOrientationPortraitUpsideDown UIInterfaceOrientationLandscapeLeft UIInterfaceOrientationLandscapeRight";
				INFOPLIST_KEY_UISupportedInterfaceOrientations_iPhone = "UIInterfaceOrientationPortrait UIInterfaceOrientationLandscapeLeft UIInterfaceOrientationLandscapeRight";
				LD_RUNPATH_SEARCH_PATHS = (
					"$(inherited)",
					"@executable_path/Frameworks",
				);
				MARKETING_VERSION = 1.0;
				PRODUCT_BUNDLE_IDENTIFIER = batuunverdi.CapstoneProject;
				PRODUCT_NAME = "$(TARGET_NAME)";
				SWIFT_EMIT_LOC_STRINGS = YES;
				SWIFT_VERSION = 5.0;
				TARGETED_DEVICE_FAMILY = "1,2";
			};
			name = Debug;
		};
		4725F4BC288EBEA3008AB6B5 /* Release */ = {
			isa = XCBuildConfiguration;
			baseConfigurationReference = 994D7632B079A2429A586221 /* Pods-CapstoneProject.release.xcconfig */;
			buildSettings = {
				ASSETCATALOG_COMPILER_APPICON_NAME = AppIcon;
				ASSETCATALOG_COMPILER_GLOBAL_ACCENT_COLOR_NAME = AccentColor;
				CODE_SIGN_STYLE = Automatic;
				CURRENT_PROJECT_VERSION = 1;
				DEVELOPMENT_TEAM = W8YZQLY66R;
				GENERATE_INFOPLIST_FILE = YES;
				INFOPLIST_FILE = CapstoneProject/Info.plist;
				INFOPLIST_KEY_UIApplicationSupportsIndirectInputEvents = YES;
				INFOPLIST_KEY_UILaunchStoryboardName = LaunchScreen;
				INFOPLIST_KEY_UIMainStoryboardFile = Main;
				INFOPLIST_KEY_UISupportedInterfaceOrientations_iPad = "UIInterfaceOrientationPortrait UIInterfaceOrientationPortraitUpsideDown UIInterfaceOrientationLandscapeLeft UIInterfaceOrientationLandscapeRight";
				INFOPLIST_KEY_UISupportedInterfaceOrientations_iPhone = "UIInterfaceOrientationPortrait UIInterfaceOrientationLandscapeLeft UIInterfaceOrientationLandscapeRight";
				LD_RUNPATH_SEARCH_PATHS = (
					"$(inherited)",
					"@executable_path/Frameworks",
				);
				MARKETING_VERSION = 1.0;
				PRODUCT_BUNDLE_IDENTIFIER = batuunverdi.CapstoneProject;
				PRODUCT_NAME = "$(TARGET_NAME)";
				SWIFT_EMIT_LOC_STRINGS = YES;
				SWIFT_VERSION = 5.0;
				TARGETED_DEVICE_FAMILY = "1,2";
			};
			name = Release;
		};
/* End XCBuildConfiguration section */

/* Begin XCConfigurationList section */
		4725F49E288EBEA1008AB6B5 /* Build configuration list for PBXProject "CapstoneProject" */ = {
			isa = XCConfigurationList;
			buildConfigurations = (
				4725F4B8288EBEA3008AB6B5 /* Debug */,
				4725F4B9288EBEA3008AB6B5 /* Release */,
			);
			defaultConfigurationIsVisible = 0;
			defaultConfigurationName = Release;
		};
		4725F4BA288EBEA3008AB6B5 /* Build configuration list for PBXNativeTarget "CapstoneProject" */ = {
			isa = XCConfigurationList;
			buildConfigurations = (
				4725F4BB288EBEA3008AB6B5 /* Debug */,
				4725F4BC288EBEA3008AB6B5 /* Release */,
			);
			defaultConfigurationIsVisible = 0;
			defaultConfigurationName = Release;
		};
/* End XCConfigurationList section */

/* Begin XCRemoteSwiftPackageReference section */
		47C1C26128A63C9D002EC991 /* XCRemoteSwiftPackageReference "SDWebImage.git" */ = {
			isa = XCRemoteSwiftPackageReference;
			repositoryURL = "https://github.com/SDWebImage/SDWebImage.git";
			requirement = {
				branch = master;
				kind = branch;
			};
		};
/* End XCRemoteSwiftPackageReference section */

/* Begin XCSwiftPackageProductDependency section */
		47C1C26228A63C9D002EC991 /* SDWebImage */ = {
			isa = XCSwiftPackageProductDependency;
			package = 47C1C26128A63C9D002EC991 /* XCRemoteSwiftPackageReference "SDWebImage.git" */;
			productName = SDWebImage;
		};
		47C1C26428A63C9D002EC991 /* SDWebImageMapKit */ = {
			isa = XCSwiftPackageProductDependency;
			package = 47C1C26128A63C9D002EC991 /* XCRemoteSwiftPackageReference "SDWebImage.git" */;
			productName = SDWebImageMapKit;
		};
/* End XCSwiftPackageProductDependency section */

/* Begin XCVersionGroup section */
		4789528A289E5FF000586B2C /* FavouriteMovie.xcdatamodeld */ = {
			isa = XCVersionGroup;
			children = (
				4789528B289E5FF000586B2C /* FavouriteMovie.xcdatamodel */,
			);
			currentVersion = 4789528B289E5FF000586B2C /* FavouriteMovie.xcdatamodel */;
			path = FavouriteMovie.xcdatamodeld;
			sourceTree = "<group>";
			versionGroupType = wrapper.xcdatamodel;
		};
/* End XCVersionGroup section */
	};
	rootObject = 4725F49B288EBEA1008AB6B5 /* Project object */;
}
